
Microsoft Visual Studio Solution File, Format Version 12.00
# Visual Studio Version 17
VisualStudioVersion = 17.7.34009.444
MinimumVisualStudioVersion = 10.0.40219.1
Project("{9A19103F-16F7-4668-BE54-9A1E7A4F7556}") = "Internet_test_2_server", "Internet_test_2_server.csproj", "{D3E1E2FC-AFE2-45A4-8309-6A1987B362CC}"
EndProject
Project("{9A19103F-16F7-4668-BE54-9A1E7A4F7556}") = "Internet_test_2_client", "..\Internet_test_2_client\Internet_test_2_client.csproj", "{EA6D22AA-3620-45A2-816A-CBC1945B44EB}"
EndProject
Global
	GlobalSection(SolutionConfigurationPlatforms) = preSolution
		Debug|Any CPU = Debug|Any CPU
		Release|Any CPU = Release|Any CPU
	EndGlobalSection
	GlobalSection(ProjectConfigurationPlatforms) = postSolution
		{D3E1E2FC-AFE2-45A4-8309-6A1987B362CC}.Debug|Any CPU.ActiveCfg = Debug|Any CPU
		{D3E1E2FC-AFE2-45A4-8309-6A1987B362CC}.Debug|Any CPU.Build.0 = Debug|Any CPU
		{D3E1E2FC-AFE2-45A4-8309-6A1987B362CC}.Release|Any CPU.ActiveCfg = Release|Any CPU
		{D3E1E2FC-AFE2-45A4-8309-6A1987B362CC}.Release|Any CPU.Build.0 = Release|Any CPU
		{EA6D22AA-3620-45A2-816A-CBC1945B44EB}.Debug|Any CPU.ActiveCfg = Debug|Any CPU
		{EA6D22AA-3620-45A2-816A-CBC1945B44EB}.Debug|Any CPU.Build.0 = Debug|Any CPU
		{EA6D22AA-3620-45A2-816A-CBC1945B44EB}.Release|Any CPU.ActiveCfg = Release|Any CPU
		{EA6D22AA-3620-45A2-816A-CBC1945B44EB}.Release|Any CPU.Build.0 = Release|Any CPU
	EndGlobalSection
	GlobalSection(SolutionProperties) = preSolution
		HideSolutionNode = FALSE
	EndGlobalSection
	GlobalSection(ExtensibilityGlobals) = postSolution
		SolutionGuid = {34EE86C5-748B-4DAE-B182-E068D67A0B7A}
	EndGlobalSection
EndGlobal
